
Microsoft Visual Studio Solution File, Format Version 12.00
Project("{FAE04EC0-301F-11D3-BF4B-00C04F79EFBC}") = "CSharpCollections1", "CSharpCollections1\CSharpCollections1.csproj", "{B52CD62E-CBB8-47AA-83A9-79C982EBB9EE}"
EndProject
Global
	GlobalSection(SolutionConfigurationPlatforms) = preSolution
		Debug|Any CPU = Debug|Any CPU
		Release|Any CPU = Release|Any CPU
	EndGlobalSection
	GlobalSection(ProjectConfigurationPlatforms) = postSolution
		{B52CD62E-CBB8-47AA-83A9-79C982EBB9EE}.Debug|Any CPU.ActiveCfg = Debug|Any CPU
		{B52CD62E-CBB8-47AA-83A9-79C982EBB9EE}.Debug|Any CPU.Build.0 = Debug|Any CPU
		{B52CD62E-CBB8-47AA-83A9-79C982EBB9EE}.Release|Any CPU.ActiveCfg = Release|Any CPU
		{B52CD62E-CBB8-47AA-83A9-79C982EBB9EE}.Release|Any CPU.Build.0 = Release|Any CPU
	EndGlobalSection
EndGlobal
